
Microsoft Visual Studio Solution File, Format Version 12.00
# Visual Studio Version 17
VisualStudioVersion = 17.3.32825.248
MinimumVisualStudioVersion = 10.0.40219.1
Project("{FAE04EC0-301F-11D3-BF4B-00C04F79EFBC}") = "ConsoleApp1", "ConsoleApp1\ConsoleApp1.csproj", "{07A1DC2D-C87A-486D-908D-2A5FF809AE88}"
EndProject
Project("{FAE04EC0-301F-11D3-BF4B-00C04F79EFBC}") = "ISpan.Utilities", "C:\Users\ispan\source\repos\221110\ISpan.Utilities\ISpan.Utilities.csproj", "{3A1C50A6-B35D-418B-BA47-478707747675}"
EndProject
Global
	GlobalSection(SolutionConfigurationPlatforms) = preSolution
		Debug|Any CPU = Debug|Any CPU
		Release|Any CPU = Release|Any CPU
	EndGlobalSection
	GlobalSection(ProjectConfigurationPlatforms) = postSolution
		{07A1DC2D-C87A-486D-908D-2A5FF809AE88}.Debug|Any CPU.ActiveCfg = Debug|Any CPU
		{07A1DC2D-C87A-486D-908D-2A5FF809AE88}.Debug|Any CPU.Build.0 = Debug|Any CPU
		{07A1DC2D-C87A-486D-908D-2A5FF809AE88}.Release|Any CPU.ActiveCfg = Release|Any CPU
		{07A1DC2D-C87A-486D-908D-2A5FF809AE88}.Release|Any CPU.Build.0 = Release|Any CPU
		{3A1C50A6-B35D-418B-BA47-478707747675}.Debug|Any CPU.ActiveCfg = Debug|Any CPU
		{3A1C50A6-B35D-418B-BA47-478707747675}.Debug|Any CPU.Build.0 = Debug|Any CPU
		{3A1C50A6-B35D-418B-BA47-478707747675}.Release|Any CPU.ActiveCfg = Release|Any CPU
		{3A1C50A6-B35D-418B-BA47-478707747675}.Release|Any CPU.Build.0 = Release|Any CPU
	EndGlobalSection
	GlobalSection(SolutionProperties) = preSolution
		HideSolutionNode = FALSE
	EndGlobalSection
	GlobalSection(ExtensibilityGlobals) = postSolution
		SolutionGuid = {D47B106B-19E8-4142-8A5F-9D3906854A25}
	EndGlobalSection
EndGlobal
